
Microsoft Visual Studio Solution File, Format Version 12.00
# Visual Studio 15
VisualStudioVersion = 15.0.26430.6
MinimumVisualStudioVersion = 10.0.40219.1
Project("{FAE04EC0-301F-11D3-BF4B-00C04F79EFBC}") = "ConsoleApp", "LoggedInPersonIDInterceptor\ConsoleApp.csproj", "{E2422C6D-333B-4607-8C0B-EFBBA8781D5E}"
	ProjectSection(ProjectDependencies) = postProject
		{01AA2A71-6FCD-451E-9A5D-6DF257C31CFE} = {01AA2A71-6FCD-451E-9A5D-6DF257C31CFE}
	EndProjectSection
EndProject
Project("{FAE04EC0-301F-11D3-BF4B-00C04F79EFBC}") = "DAL", "DAL\DAL.csproj", "{7622BE67-1984-4C80-BDFC-10AACE76B28C}"
EndProject
Project("{FAE04EC0-301F-11D3-BF4B-00C04F79EFBC}") = "WcfService", "WcfService\WcfService.csproj", "{01AA2A71-6FCD-451E-9A5D-6DF257C31CFE}"
EndProject
Project("{FAE04EC0-301F-11D3-BF4B-00C04F79EFBC}") = "Util", "Util\Util.csproj", "{32818F19-82F1-4E9D-B9C8-1EAA27056FAA}"
EndProject
Project("{FAE04EC0-301F-11D3-BF4B-00C04F79EFBC}") = "Infrastructure", "Infrastructure\Infrastructure.csproj", "{3989E906-F85C-49D8-8BE6-193DA256F039}"
EndProject
Project("{FAE04EC0-301F-11D3-BF4B-00C04F79EFBC}") = "NHibernateCleanupModule", "NHibernateCleanupModule\NHibernateCleanupModule.csproj", "{A8670B04-35E1-414A-ADC6-50A1300044C9}"
EndProject
Project("{2150E333-8FDC-42A3-9474-1A3956D46DE8}") = "Solution Items", "Solution Items", "{C993BC93-3193-4D84-8CF7-4F0546972509}"
	ProjectSection(SolutionItems) = preProject
		README.md = README.md
	EndProjectSection
EndProject
Global
	GlobalSection(SolutionConfigurationPlatforms) = preSolution
		Debug|Any CPU = Debug|Any CPU
		Release|Any CPU = Release|Any CPU
	EndGlobalSection
	GlobalSection(ProjectConfigurationPlatforms) = postSolution
		{E2422C6D-333B-4607-8C0B-EFBBA8781D5E}.Debug|Any CPU.ActiveCfg = Debug|Any CPU
		{E2422C6D-333B-4607-8C0B-EFBBA8781D5E}.Debug|Any CPU.Build.0 = Debug|Any CPU
		{E2422C6D-333B-4607-8C0B-EFBBA8781D5E}.Release|Any CPU.ActiveCfg = Release|Any CPU
		{E2422C6D-333B-4607-8C0B-EFBBA8781D5E}.Release|Any CPU.Build.0 = Release|Any CPU
		{7622BE67-1984-4C80-BDFC-10AACE76B28C}.Debug|Any CPU.ActiveCfg = Debug|Any CPU
		{7622BE67-1984-4C80-BDFC-10AACE76B28C}.Debug|Any CPU.Build.0 = Debug|Any CPU
		{7622BE67-1984-4C80-BDFC-10AACE76B28C}.Release|Any CPU.ActiveCfg = Release|Any CPU
		{7622BE67-1984-4C80-BDFC-10AACE76B28C}.Release|Any CPU.Build.0 = Release|Any CPU
		{01AA2A71-6FCD-451E-9A5D-6DF257C31CFE}.Debug|Any CPU.ActiveCfg = Debug|Any CPU
		{01AA2A71-6FCD-451E-9A5D-6DF257C31CFE}.Debug|Any CPU.Build.0 = Debug|Any CPU
		{01AA2A71-6FCD-451E-9A5D-6DF257C31CFE}.Release|Any CPU.ActiveCfg = Release|Any CPU
		{01AA2A71-6FCD-451E-9A5D-6DF257C31CFE}.Release|Any CPU.Build.0 = Release|Any CPU
		{32818F19-82F1-4E9D-B9C8-1EAA27056FAA}.Debug|Any CPU.ActiveCfg = Debug|Any CPU
		{32818F19-82F1-4E9D-B9C8-1EAA27056FAA}.Debug|Any CPU.Build.0 = Debug|Any CPU
		{32818F19-82F1-4E9D-B9C8-1EAA27056FAA}.Release|Any CPU.ActiveCfg = Release|Any CPU
		{32818F19-82F1-4E9D-B9C8-1EAA27056FAA}.Release|Any CPU.Build.0 = Release|Any CPU
		{3989E906-F85C-49D8-8BE6-193DA256F039}.Debug|Any CPU.ActiveCfg = Debug|Any CPU
		{3989E906-F85C-49D8-8BE6-193DA256F039}.Debug|Any CPU.Build.0 = Debug|Any CPU
		{3989E906-F85C-49D8-8BE6-193DA256F039}.Release|Any CPU.ActiveCfg = Release|Any CPU
		{3989E906-F85C-49D8-8BE6-193DA256F039}.Release|Any CPU.Build.0 = Release|Any CPU
		{A8670B04-35E1-414A-ADC6-50A1300044C9}.Debug|Any CPU.ActiveCfg = Debug|Any CPU
		{A8670B04-35E1-414A-ADC6-50A1300044C9}.Debug|Any CPU.Build.0 = Debug|Any CPU
		{A8670B04-35E1-414A-ADC6-50A1300044C9}.Release|Any CPU.ActiveCfg = Release|Any CPU
		{A8670B04-35E1-414A-ADC6-50A1300044C9}.Release|Any CPU.Build.0 = Release|Any CPU
	EndGlobalSection
	GlobalSection(SolutionProperties) = preSolution
		HideSolutionNode = FALSE
	EndGlobalSection
EndGlobal
